
Microsoft Visual Studio Solution File, Format Version 12.00
# Visual Studio Version 16
VisualStudioVersion = 16.0.30002.166
MinimumVisualStudioVersion = 10.0.40219.1
Project("{FAE04EC0-301F-11D3-BF4B-00C04F79EFBC}") = "Deployr.Web", "Deployr.Web\Deployr.Web.csproj", "{D23FD1DF-C715-4585-BC07-89DDA8540723}"
EndProject
Project("{FAE04EC0-301F-11D3-BF4B-00C04F79EFBC}") = "Deployr.Processor", "Deployr.Processor\Deployr.Processor.csproj", "{BA5694E5-597B-4DDF-A6A4-40BB114C5DB0}"
EndProject
Global
	GlobalSection(SolutionConfigurationPlatforms) = preSolution
		Debug|Any CPU = Debug|Any CPU
		Release|Any CPU = Release|Any CPU
	EndGlobalSection
	GlobalSection(ProjectConfigurationPlatforms) = postSolution
		{D23FD1DF-C715-4585-BC07-89DDA8540723}.Debug|Any CPU.ActiveCfg = Debug|Any CPU
		{D23FD1DF-C715-4585-BC07-89DDA8540723}.Debug|Any CPU.Build.0 = Debug|Any CPU
		{D23FD1DF-C715-4585-BC07-89DDA8540723}.Release|Any CPU.ActiveCfg = Release|Any CPU
		{D23FD1DF-C715-4585-BC07-89DDA8540723}.Release|Any CPU.Build.0 = Release|Any CPU
		{BA5694E5-597B-4DDF-A6A4-40BB114C5DB0}.Debug|Any CPU.ActiveCfg = Debug|Any CPU
		{BA5694E5-597B-4DDF-A6A4-40BB114C5DB0}.Debug|Any CPU.Build.0 = Debug|Any CPU
		{BA5694E5-597B-4DDF-A6A4-40BB114C5DB0}.Release|Any CPU.ActiveCfg = Release|Any CPU
		{BA5694E5-597B-4DDF-A6A4-40BB114C5DB0}.Release|Any CPU.Build.0 = Release|Any CPU
	EndGlobalSection
	GlobalSection(SolutionProperties) = preSolution
		HideSolutionNode = FALSE
	EndGlobalSection
	GlobalSection(ExtensibilityGlobals) = postSolution
		SolutionGuid = {E1F11654-EB46-4253-BD43-4260B0013F05}
	EndGlobalSection
EndGlobal
